{
  "name": "xianniu-components",
  "version": "1.0.22",
  "lockfileVersion": 1,
  "requires": true,
  "dependencies": {
    "image-conversion": {
      "version": "2.1.1",
      "resolved": "https://registry.npmjs.org/image-conversion/-/image-conversion-2.1.1.tgz",
      "integrity": "sha512-hnMOmP7q2jxA+52FZ+wHNhg3fdFRlgfngsQH2JQHEQkafY7tj/8F15e6Rv/RxDegc872jvyaRHwMbkTZK1Cjbg=="
    }
  }
}
